
Microsoft Visual Studio Solution File, Format Version 12.00
# Visual Studio 15
VisualStudioVersion = 15.0.28307.421
MinimumVisualStudioVersion = 10.0.40219.1
Project("{8BC9CEB8-8B4A-11D0-8D11-00A0C91BC942}") = "liste_duble_lac_sub5", "liste_duble_lac_sub5\liste_duble_lac_sub5.vcxproj", "{2355B510-7A86-4257-A5F4-2ED80BD14A34}"
EndProject
Global
	GlobalSection(SolutionConfigurationPlatforms) = preSolution
		Debug|x64 = Debug|x64
		Debug|x86 = Debug|x86
		Release|x64 = Release|x64
		Release|x86 = Release|x86
	EndGlobalSection
	GlobalSection(ProjectConfigurationPlatforms) = postSolution
		{2355B510-7A86-4257-A5F4-2ED80BD14A34}.Debug|x64.ActiveCfg = Debug|x64
		{2355B510-7A86-4257-A5F4-2ED80BD14A34}.Debug|x64.Build.0 = Debug|x64
		{2355B510-7A86-4257-A5F4-2ED80BD14A34}.Debug|x86.ActiveCfg = Debug|Win32
		{2355B510-7A86-4257-A5F4-2ED80BD14A34}.Debug|x86.Build.0 = Debug|Win32
		{2355B510-7A86-4257-A5F4-2ED80BD14A34}.Release|x64.ActiveCfg = Release|x64
		{2355B510-7A86-4257-A5F4-2ED80BD14A34}.Release|x64.Build.0 = Release|x64
		{2355B510-7A86-4257-A5F4-2ED80BD14A34}.Release|x86.ActiveCfg = Release|Win32
		{2355B510-7A86-4257-A5F4-2ED80BD14A34}.Release|x86.Build.0 = Release|Win32
	EndGlobalSection
	GlobalSection(SolutionProperties) = preSolution
		HideSolutionNode = FALSE
	EndGlobalSection
	GlobalSection(ExtensibilityGlobals) = postSolution
		SolutionGuid = {035B3599-BB3C-4ACA-8894-8C40A2E12B51}
	EndGlobalSection
EndGlobal
