
Microsoft Visual Studio Solution File, Format Version 12.00
# Visual Studio 15
VisualStudioVersion = 15.0.28307.421
MinimumVisualStudioVersion = 10.0.40219.1
Project("{8BC9CEB8-8B4A-11D0-8D11-00A0C91BC942}") = "HEAP_CardAcces", "HEAP_CardAcces\HEAP_CardAcces.vcxproj", "{FC51BBE6-28A8-4191-8FED-C657E7D194A4}"
EndProject
Global
	GlobalSection(SolutionConfigurationPlatforms) = preSolution
		Debug|x64 = Debug|x64
		Debug|x86 = Debug|x86
		Release|x64 = Release|x64
		Release|x86 = Release|x86
	EndGlobalSection
	GlobalSection(ProjectConfigurationPlatforms) = postSolution
		{FC51BBE6-28A8-4191-8FED-C657E7D194A4}.Debug|x64.ActiveCfg = Debug|x64
		{FC51BBE6-28A8-4191-8FED-C657E7D194A4}.Debug|x64.Build.0 = Debug|x64
		{FC51BBE6-28A8-4191-8FED-C657E7D194A4}.Debug|x86.ActiveCfg = Debug|Win32
		{FC51BBE6-28A8-4191-8FED-C657E7D194A4}.Debug|x86.Build.0 = Debug|Win32
		{FC51BBE6-28A8-4191-8FED-C657E7D194A4}.Release|x64.ActiveCfg = Release|x64
		{FC51BBE6-28A8-4191-8FED-C657E7D194A4}.Release|x64.Build.0 = Release|x64
		{FC51BBE6-28A8-4191-8FED-C657E7D194A4}.Release|x86.ActiveCfg = Release|Win32
		{FC51BBE6-28A8-4191-8FED-C657E7D194A4}.Release|x86.Build.0 = Release|Win32
	EndGlobalSection
	GlobalSection(SolutionProperties) = preSolution
		HideSolutionNode = FALSE
	EndGlobalSection
	GlobalSection(ExtensibilityGlobals) = postSolution
		SolutionGuid = {4EA7EF13-377C-4962-A489-AEA67F73FA67}
	EndGlobalSection
EndGlobal
