
Microsoft Visual Studio Solution File, Format Version 12.00
# Visual Studio 15
VisualStudioVersion = 15.0.28307.421
MinimumVisualStudioVersion = 10.0.40219.1
Project("{8BC9CEB8-8B4A-11D0-8D11-00A0C91BC942}") = "Tichet_HT_chaining", "Tichet_HT_chaining\Tichet_HT_chaining.vcxproj", "{436B5E56-7FBC-42A4-A8D0-0A3EDD407112}"
EndProject
Global
	GlobalSection(SolutionConfigurationPlatforms) = preSolution
		Debug|x64 = Debug|x64
		Debug|x86 = Debug|x86
		Release|x64 = Release|x64
		Release|x86 = Release|x86
	EndGlobalSection
	GlobalSection(ProjectConfigurationPlatforms) = postSolution
		{436B5E56-7FBC-42A4-A8D0-0A3EDD407112}.Debug|x64.ActiveCfg = Debug|x64
		{436B5E56-7FBC-42A4-A8D0-0A3EDD407112}.Debug|x64.Build.0 = Debug|x64
		{436B5E56-7FBC-42A4-A8D0-0A3EDD407112}.Debug|x86.ActiveCfg = Debug|Win32
		{436B5E56-7FBC-42A4-A8D0-0A3EDD407112}.Debug|x86.Build.0 = Debug|Win32
		{436B5E56-7FBC-42A4-A8D0-0A3EDD407112}.Release|x64.ActiveCfg = Release|x64
		{436B5E56-7FBC-42A4-A8D0-0A3EDD407112}.Release|x64.Build.0 = Release|x64
		{436B5E56-7FBC-42A4-A8D0-0A3EDD407112}.Release|x86.ActiveCfg = Release|Win32
		{436B5E56-7FBC-42A4-A8D0-0A3EDD407112}.Release|x86.Build.0 = Release|Win32
	EndGlobalSection
	GlobalSection(SolutionProperties) = preSolution
		HideSolutionNode = FALSE
	EndGlobalSection
	GlobalSection(ExtensibilityGlobals) = postSolution
		SolutionGuid = {C68F7DCC-8085-4314-A7EB-A3B48FD4849E}
	EndGlobalSection
EndGlobal
