
Microsoft Visual Studio Solution File, Format Version 12.00
# Visual Studio 15
VisualStudioVersion = 15.0.28307.421
MinimumVisualStudioVersion = 10.0.40219.1
Project("{8BC9CEB8-8B4A-11D0-8D11-00A0C91BC942}") = "Vector_muzeu_dinamic", "Vector_muzeu_dinamic\Vector_muzeu_dinamic.vcxproj", "{8A6C7C7D-1F3F-41B7-97B2-88C22BE4EC25}"
EndProject
Global
	GlobalSection(SolutionConfigurationPlatforms) = preSolution
		Debug|x64 = Debug|x64
		Debug|x86 = Debug|x86
		Release|x64 = Release|x64
		Release|x86 = Release|x86
	EndGlobalSection
	GlobalSection(ProjectConfigurationPlatforms) = postSolution
		{8A6C7C7D-1F3F-41B7-97B2-88C22BE4EC25}.Debug|x64.ActiveCfg = Debug|x64
		{8A6C7C7D-1F3F-41B7-97B2-88C22BE4EC25}.Debug|x64.Build.0 = Debug|x64
		{8A6C7C7D-1F3F-41B7-97B2-88C22BE4EC25}.Debug|x86.ActiveCfg = Debug|Win32
		{8A6C7C7D-1F3F-41B7-97B2-88C22BE4EC25}.Debug|x86.Build.0 = Debug|Win32
		{8A6C7C7D-1F3F-41B7-97B2-88C22BE4EC25}.Release|x64.ActiveCfg = Release|x64
		{8A6C7C7D-1F3F-41B7-97B2-88C22BE4EC25}.Release|x64.Build.0 = Release|x64
		{8A6C7C7D-1F3F-41B7-97B2-88C22BE4EC25}.Release|x86.ActiveCfg = Release|Win32
		{8A6C7C7D-1F3F-41B7-97B2-88C22BE4EC25}.Release|x86.Build.0 = Release|Win32
	EndGlobalSection
	GlobalSection(SolutionProperties) = preSolution
		HideSolutionNode = FALSE
	EndGlobalSection
	GlobalSection(ExtensibilityGlobals) = postSolution
		SolutionGuid = {7231017C-E981-4A87-9B1B-2D8BD01EB703}
	EndGlobalSection
EndGlobal
