
Microsoft Visual Studio Solution File, Format Version 12.00
# Visual Studio 15
VisualStudioVersion = 15.0.28307.421
MinimumVisualStudioVersion = 10.0.40219.1
Project("{8BC9CEB8-8B4A-11D0-8D11-00A0C91BC942}") = "CotaIntretinere_HT", "CotaIntretinere_HT\CotaIntretinere_HT.vcxproj", "{940F4DAF-4132-45DF-BD26-0BA475302F4E}"
EndProject
Global
	GlobalSection(SolutionConfigurationPlatforms) = preSolution
		Debug|x64 = Debug|x64
		Debug|x86 = Debug|x86
		Release|x64 = Release|x64
		Release|x86 = Release|x86
	EndGlobalSection
	GlobalSection(ProjectConfigurationPlatforms) = postSolution
		{940F4DAF-4132-45DF-BD26-0BA475302F4E}.Debug|x64.ActiveCfg = Debug|x64
		{940F4DAF-4132-45DF-BD26-0BA475302F4E}.Debug|x64.Build.0 = Debug|x64
		{940F4DAF-4132-45DF-BD26-0BA475302F4E}.Debug|x86.ActiveCfg = Debug|Win32
		{940F4DAF-4132-45DF-BD26-0BA475302F4E}.Debug|x86.Build.0 = Debug|Win32
		{940F4DAF-4132-45DF-BD26-0BA475302F4E}.Release|x64.ActiveCfg = Release|x64
		{940F4DAF-4132-45DF-BD26-0BA475302F4E}.Release|x64.Build.0 = Release|x64
		{940F4DAF-4132-45DF-BD26-0BA475302F4E}.Release|x86.ActiveCfg = Release|Win32
		{940F4DAF-4132-45DF-BD26-0BA475302F4E}.Release|x86.Build.0 = Release|Win32
	EndGlobalSection
	GlobalSection(SolutionProperties) = preSolution
		HideSolutionNode = FALSE
	EndGlobalSection
	GlobalSection(ExtensibilityGlobals) = postSolution
		SolutionGuid = {80766E2C-B396-44B8-B080-FB8B7C43B718}
	EndGlobalSection
EndGlobal
