
Microsoft Visual Studio Solution File, Format Version 12.00
# Visual Studio 15
VisualStudioVersion = 15.0.28307.421
MinimumVisualStudioVersion = 10.0.40219.1
Project("{8BC9CEB8-8B4A-11D0-8D11-00A0C91BC942}") = "hash-table", "hash-table\hash-table.vcxproj", "{1C3D4191-846E-4AF6-A6B5-07F8845CC603}"
EndProject
Global
	GlobalSection(SolutionConfigurationPlatforms) = preSolution
		Debug|x64 = Debug|x64
		Debug|x86 = Debug|x86
		Release|x64 = Release|x64
		Release|x86 = Release|x86
	EndGlobalSection
	GlobalSection(ProjectConfigurationPlatforms) = postSolution
		{1C3D4191-846E-4AF6-A6B5-07F8845CC603}.Debug|x64.ActiveCfg = Debug|x64
		{1C3D4191-846E-4AF6-A6B5-07F8845CC603}.Debug|x64.Build.0 = Debug|x64
		{1C3D4191-846E-4AF6-A6B5-07F8845CC603}.Debug|x86.ActiveCfg = Debug|Win32
		{1C3D4191-846E-4AF6-A6B5-07F8845CC603}.Debug|x86.Build.0 = Debug|Win32
		{1C3D4191-846E-4AF6-A6B5-07F8845CC603}.Release|x64.ActiveCfg = Release|x64
		{1C3D4191-846E-4AF6-A6B5-07F8845CC603}.Release|x64.Build.0 = Release|x64
		{1C3D4191-846E-4AF6-A6B5-07F8845CC603}.Release|x86.ActiveCfg = Release|Win32
		{1C3D4191-846E-4AF6-A6B5-07F8845CC603}.Release|x86.Build.0 = Release|Win32
	EndGlobalSection
	GlobalSection(SolutionProperties) = preSolution
		HideSolutionNode = FALSE
	EndGlobalSection
	GlobalSection(ExtensibilityGlobals) = postSolution
		SolutionGuid = {98781B27-3154-4296-B44F-3696B633E956}
	EndGlobalSection
EndGlobal
