
Microsoft Visual Studio Solution File, Format Version 12.00
# Visual Studio 15
VisualStudioVersion = 15.0.28307.421
MinimumVisualStudioVersion = 10.0.40219.1
Project("{8BC9CEB8-8B4A-11D0-8D11-00A0C91BC942}") = "HT_chaining", "HT_chaining\HT_chaining.vcxproj", "{E9074F44-6B41-4F46-8FF7-7A01D78CC019}"
EndProject
Global
	GlobalSection(SolutionConfigurationPlatforms) = preSolution
		Debug|x64 = Debug|x64
		Debug|x86 = Debug|x86
		Release|x64 = Release|x64
		Release|x86 = Release|x86
	EndGlobalSection
	GlobalSection(ProjectConfigurationPlatforms) = postSolution
		{E9074F44-6B41-4F46-8FF7-7A01D78CC019}.Debug|x64.ActiveCfg = Debug|x64
		{E9074F44-6B41-4F46-8FF7-7A01D78CC019}.Debug|x64.Build.0 = Debug|x64
		{E9074F44-6B41-4F46-8FF7-7A01D78CC019}.Debug|x86.ActiveCfg = Debug|Win32
		{E9074F44-6B41-4F46-8FF7-7A01D78CC019}.Debug|x86.Build.0 = Debug|Win32
		{E9074F44-6B41-4F46-8FF7-7A01D78CC019}.Release|x64.ActiveCfg = Release|x64
		{E9074F44-6B41-4F46-8FF7-7A01D78CC019}.Release|x64.Build.0 = Release|x64
		{E9074F44-6B41-4F46-8FF7-7A01D78CC019}.Release|x86.ActiveCfg = Release|Win32
		{E9074F44-6B41-4F46-8FF7-7A01D78CC019}.Release|x86.Build.0 = Release|Win32
	EndGlobalSection
	GlobalSection(SolutionProperties) = preSolution
		HideSolutionNode = FALSE
	EndGlobalSection
	GlobalSection(ExtensibilityGlobals) = postSolution
		SolutionGuid = {F0462198-56EE-447B-84E8-34F09A325F52}
	EndGlobalSection
EndGlobal
